<?xml version="1.0" encoding="UTF-8" standalone="yes" ?>
<CodeBlocks_project_file>
	<FileVersion major="1" minor="6" />
	<Project>
		<Option title="gadgeteering" />
		<Option pch_mode="2" />
		<Option compiler="gcc" />
		<Build>
			<Target title="Debug">
				<Option output="../../../bin/linux/x86_64/gadgeteering-dbg" prefix_auto="1" extension_auto="1" />
				<Option working_dir="" />
				<Option object_output="obj/Debug/" />
				<Option type="2" />
				<Option compiler="gcc" />
				<Option createDefFile="1" />
				<Compiler>
					<Add option="-g" />
					<Add option="-fPIC" />
					<Add option="-m64" />
				</Compiler>
			</Target>
			<Target title="Release">
				<Option output="../../../bin/linux/x86_64/gadgeteering" prefix_auto="1" extension_auto="1" />
				<Option working_dir="" />
				<Option object_output="obj/Release/" />
				<Option type="2" />
				<Option compiler="gcc" />
				<Option createDefFile="1" />
				<Compiler>
					<Add option="-O2" />
					<Add option="-fPIC" />
					<Add option="-m64" />
				</Compiler>
				<Linker>
					<Add option="-s" />
				</Linker>
			</Target>
		</Build>
		<Compiler>
			<Add option="-Wall" />
			<Add option="-fexceptions" />
		</Compiler>
		<Unit filename="../../../core/DaisyLink.cpp" />
		<Unit filename="../../../core/DaisyLink.hpp" />
		<Unit filename="../../../core/DaisyLinkCommandBus.cpp" />
		<Unit filename="../../../core/DaisyLinkCommandBus.hpp" />
		<Unit filename="../../../core/Gadgeteering.h" />
		<Unit filename="../../../core/I2CBus.cpp" />
		<Unit filename="../../../core/I2CBus.hpp" />
		<Unit filename="../../../core/I2CDevice.cpp" />
		<Unit filename="../../../core/I2CDevice.hpp" />
		<Unit filename="../../../core/Interfaces.cpp" />
		<Unit filename="../../../core/Interfaces.hpp" />
		<Unit filename="../../../core/Interfaces_proxy.hpp" />
		<Unit filename="../../../core/List.cpp" />
		<Unit filename="../../../core/List.hpp" />
		<Unit filename="../../../core/Mainboard.cpp" />
		<Unit filename="../../../core/Mainboard.hpp" />
		<Unit filename="../../../core/Module.cpp" />
		<Unit filename="../../../core/Module.hpp" />
		<Unit filename="../../../core/SPIBus.cpp" />
		<Unit filename="../../../core/SPIBus.hpp" />
		<Unit filename="../../../core/SPIDevice.cpp" />
		<Unit filename="../../../core/SPIDevice.hpp" />
		<Unit filename="../../../core/SerialDevice.cpp" />
		<Unit filename="../../../core/SerialDevice.hpp" />
		<Unit filename="../../../core/Socket.cpp" />
		<Unit filename="../../../core/Socket.hpp" />
		<Unit filename="../../../core/SoftwareSerial.cpp" />
		<Unit filename="../../../core/SoftwareSerial.hpp" />
		<Unit filename="../../../core/System.hpp" />
		<Unit filename="../../../core/System_proxy.hpp" />
		<Unit filename="../../../core/Types.cpp" />
		<Unit filename="../../../core/Types.hpp" />
		<Extensions>
			<code_completion />
			<debugger />
		</Extensions>
	</Project>
</CodeBlocks_project_file>
