<?xml version="1.0" encoding="UTF-8" standalone="yes" ?>
<CodeBlocks_project_file>
	<FileVersion major="1" minor="6" />
	<Project>
		<Option title="gmbFEZLynx" />
		<Option pch_mode="2" />
		<Option compiler="gcc" />
		<Build>
			<Target title="Debug">
				<Option output="../../../bin/linux/x86_64/gmbFEZLynx-dbg" prefix_auto="1" extension_auto="1" />
				<Option working_dir="" />
				<Option object_output="obj/Debug/" />
				<Option type="2" />
				<Option compiler="gcc" />
				<Option createDefFile="1" />
				<Compiler>
					<Add option="-Wall" />
					<Add option="-g" />
					<Add option="-m64" />
					<Add option="-fPIC" />
					<Add option="-lgadgeteering-dbg" />
					<Add directory="../../../bin/linux/x86_64" />
				</Compiler>
			</Target>
			<Target title="Release">
				<Option output="../../../bin/linux/x86_64/gmbFEZLynx" prefix_auto="1" extension_auto="1" />
				<Option working_dir="" />
				<Option object_output="obj/Release/" />
				<Option type="2" />
				<Option compiler="gcc" />
				<Option createDefFile="1" />
				<Compiler>
					<Add option="-O2" />
					<Add option="-Wall" />
					<Add option="-m64" />
					<Add option="-fPIC" />
					<Add option="-lgadgeteering" />
				</Compiler>
				<Linker>
					<Add option="-s" />
				</Linker>
			</Target>
		</Build>
		<Unit filename="../../../mainboards/ghi/FEZLynxS4/FEZLynxS4.cpp" />
		<Unit filename="../../../mainboards/ghi/FEZLynxS4/FEZLynxS4.h" />
		<Unit filename="../../../mainboards/ghi/FEZLynxS4/FTDI_Device.cpp" />
		<Unit filename="../../../mainboards/ghi/FEZLynxS4/include/FTDI_Device.h" />
		<Unit filename="../../../mainboards/ghi/FEZLynxS4/include/linux/WinTypes.h" />
		<Unit filename="../../../mainboards/ghi/FEZLynxS4/include/linux/ftd2xx.h" />
		<Unit filename="../../../mainboards/ghi/FEZLynxS4/include/linux/libMPSSE_i2c.h" />
		<Unit filename="../../../mainboards/ghi/FEZLynxS4/include/linux/libMPSSE_spi.h" />
		<Unit filename="../../../mainboards/ghi/FEZLynxS4/include/windows/FTD2XX.H" />
		<Unit filename="../../../mainboards/ghi/FEZLynxS4/include/windows/libMPSSE_i2c.h" />
		<Unit filename="../../../mainboards/ghi/FEZLynxS4/include/windows/libMPSSE_spi.h" />
		<Unit filename="../../../mainboards/ghi/FEZLynxS4/s_I2CBus.cpp" />
		<Unit filename="../../../mainboards/ghi/FEZLynxS4/s_SPIBus.cpp" />
		<Unit filename="../../../mainboards/ghi/FEZLynxS4/s_SerialDevice.cpp" />
		<Unit filename="../../../mainboards/ghi/FEZLynxS4/s_SoftwareI2CBus.cpp" />
		<Unit filename="../../../mainboards/ghi/FEZLynxS4/s_System.cpp" />
		<Extensions>
			<code_completion />
			<debugger />
		</Extensions>
	</Project>
</CodeBlocks_project_file>
