<?xml version="1.0" encoding="utf-8"?>
<Project ToolsVersion="4.0" xmlns="http://schemas.microsoft.com/developer/msbuild/2003">
  <ItemGroup>
    <Filter Include="Source Files">
      <UniqueIdentifier>{4FC737F1-C7A5-4376-A066-2A32D752A2FF}</UniqueIdentifier>
      <Extensions>cpp;c;cc;cxx;def;odl;idl;hpj;bat;asm;asmx</Extensions>
    </Filter>
    <Filter Include="Header Files">
      <UniqueIdentifier>{93995380-89BD-4b04-88EB-625FBE52EBFB}</UniqueIdentifier>
      <Extensions>h;hpp;hxx;hm;inl;inc;xsd</Extensions>
    </Filter>
    <Filter Include="Resource Files">
      <UniqueIdentifier>{67DA6AB6-F800-4c08-8B7A-83BB121AAD01}</UniqueIdentifier>
      <Extensions>rc;ico;cur;bmp;dlg;rc2;rct;bin;rgs;gif;jpg;jpeg;jpe;resx;tiff;tif;png;wav;mfcribbon-ms</Extensions>
    </Filter>
  </ItemGroup>
  <ItemGroup>
    <ClInclude Include="Gadgeteering\Gadgeteering.h">
      <Filter>Header Files</Filter>
    </ClInclude>
    <ClInclude Include="Gadgeteering\Interfaces.hpp">
      <Filter>Header Files</Filter>
    </ClInclude>
    <ClInclude Include="Gadgeteering\Mainboard.hpp">
      <Filter>Header Files</Filter>
    </ClInclude>
    <ClInclude Include="Gadgeteering\SerialDevice.hpp">
      <Filter>Header Files</Filter>
    </ClInclude>
    <ClInclude Include="Gadgeteering\SoftwareI2C.hpp">
      <Filter>Header Files</Filter>
    </ClInclude>
    <ClInclude Include="Gadgeteering\SPIDevice.hpp">
      <Filter>Header Files</Filter>
    </ClInclude>
    <ClInclude Include="Gadgeteering\Types.hpp">
      <Filter>Header Files</Filter>
    </ClInclude>
    <ClInclude Include="Gadgeteering\System.hpp">
      <Filter>Header Files</Filter>
    </ClInclude>
    <ClInclude Include="Gadgeteering\Socket.hpp">
      <Filter>Header Files</Filter>
    </ClInclude>
    <ClInclude Include="Gadgeteering\ExtenderChip.hpp">
      <Filter>Header Files</Filter>
    </ClInclude>
    <ClInclude Include="FEZLynx\Linux\ftd2xx.h">
      <Filter>Header Files</Filter>
    </ClInclude>
    <ClInclude Include="FEZLynx\Linux\WinTypes.h">
      <Filter>Header Files</Filter>
    </ClInclude>
    <ClInclude Include="FEZLynx\Windows\FTD2XX.H">
      <Filter>Header Files</Filter>
    </ClInclude>
    <ClInclude Include="FEZLynx\FEZLynx.h">
      <Filter>Header Files</Filter>
    </ClInclude>
    <ClInclude Include="Tunes\Tunes.h">
      <Filter>Header Files</Filter>
    </ClInclude>
    <ClInclude Include="CharDisplay\CharDisplay.h">
      <Filter>Header Files</Filter>
    </ClInclude>
    <ClInclude Include="LED7C\LED7C.h">
      <Filter>Header Files</Filter>
    </ClInclude>
    <ClInclude Include="LED7R\LED7R.h">
      <Filter>Header Files</Filter>
    </ClInclude>
    <ClInclude Include="LEDStrip\LEDStrip.h">
      <Filter>Header Files</Filter>
    </ClInclude>
    <ClInclude Include="Gadgeteering\SPIBus.hpp">
      <Filter>Header Files</Filter>
    </ClInclude>
  </ItemGroup>
  <ItemGroup>
    <ClCompile Include="Gadgeteering\Interfaces.cpp">
      <Filter>Source Files</Filter>
    </ClCompile>
    <ClCompile Include="Gadgeteering\SoftwareI2C.cpp">
      <Filter>Source Files</Filter>
    </ClCompile>
    <ClCompile Include="Gadgeteering\Mainboard.cpp">
      <Filter>Source Files</Filter>
    </ClCompile>
    <ClCompile Include="Gadgeteering\SPIDevice.cpp">
      <Filter>Source Files</Filter>
    </ClCompile>
    <ClCompile Include="Gadgeteering\SerialDevice.cpp">
      <Filter>Source Files</Filter>
    </ClCompile>
    <ClCompile Include="Gadgeteering\Socket.cpp">
      <Filter>Source Files</Filter>
    </ClCompile>
    <ClCompile Include="Gadgeteering\ExtenderChip.cpp">
      <Filter>Source Files</Filter>
    </ClCompile>
    <ClCompile Include="FEZLynx\FEZLynx.cpp">
      <Filter>Source Files</Filter>
    </ClCompile>
    <ClCompile Include="FEZLynx\System.cpp">
      <Filter>Source Files</Filter>
    </ClCompile>
    <ClCompile Include="Tunes\Tunes.cpp">
      <Filter>Source Files</Filter>
    </ClCompile>
    <ClCompile Include="CharDisplay\CharDisplay.cpp">
      <Filter>Source Files</Filter>
    </ClCompile>
    <ClCompile Include="LED7C\LED7C.cpp">
      <Filter>Source Files</Filter>
    </ClCompile>
    <ClCompile Include="LED7R\LED7R.cpp">
      <Filter>Source Files</Filter>
    </ClCompile>
    <ClCompile Include="LEDStrip\LEDStrip.cpp">
      <Filter>Source Files</Filter>
    </ClCompile>
    <ClCompile Include="Gadgeteering\SPIBus.cpp">
      <Filter>Source Files</Filter>
    </ClCompile>
    <ClCompile Include="FEZLynx\SPIBus_Lynx.cpp">
      <Filter>Source Files</Filter>
    </ClCompile>
    <ClCompile Include="FEZLynx\ExtendedSockets.cpp">
      <Filter>Source Files</Filter>
    </ClCompile>
  </ItemGroup>
</Project>